github.com/cloudxaas/gocx v0.0.3 h1:sQYcMsx30hHIG1bHXqIKZ4toQZttHeZnbkl86TKML0g=
github.com/cloudxaas/gocx v0.0.3/go.mod h1:a7Vx0JKk50lF1WItawPVW8k++xOfuNGNSj1/qVNGD2o=
github.com/davecgh/go-spew v1.1.1 h1:vj9j/u1bqnvCEfJOwUhtlOARqs3+rkHYY13jYWTU97c=
github.com/davecgh/go-spew v1.1.1/go.mod h1:J7Y8YcW2NihsgmVo/mv3lAwl/skON4iLHjSsI+c5H38=
github.com/dolthub/maphash v0.1.0 h1:bsQ7JsF4FkkWyrP3oCnFJgrCUAFbFf3kOl4L/QxPDyQ=
github.com/dolthub/maphash v0.1.0/go.mod h1:gkg4Ch4CdCDu5h6PMriVLawB7koZ+5ijb9puGMV50a4=
github.com/elastic/go-freelru v0.13.0 h1:TKKY6yCfNNNky7Pj9xZAOEpBcdNgZJfihEftOb55omg=
github.com/elastic/go-freelru v0.13.0/go.mod h1:bSdWT4M0lW79K8QbX6XY2heQYSCqD7THoYf82pT/H3I=
github.com/gammazero/deque v0.2.1 h1:qSdsbG6pgp6nL7A0+K/B7s12mcCY/5l5SIUpMOl+dC0=
github.com/gammazero/deque v0.2.1/go.mod h1:LFroj8x4cMYCukHJDbxFCkT+r9AndaJnFMuZDV34tuU=
github.com/hashicorp/golang-lru/v2 v2.0.7 h1:a+bsQ5rvGLjzHuww6tVxozPZFVghXaHOwFs4luLUK2k=
github.com/hashicorp/golang-lru/v2 v2.0.7/go.mod h1:QeFd9opnmA6QUJc5vARoKUSoFhyfM2/ZepoAG6RGpeM=
github.com/maypok86/otter v1.2.1 h1:xyvMW+t0vE1sKt/++GTkznLitEl7D/msqXkAbLwiC1M=
github.com/maypok86/otter v1.2.1/go.mod h1:mKLfoI7v1HOmQMwFgX4QkRk23mX6ge3RDvjdHOWG4R4=
github.com/mhmtszr/concurrent-swiss-map v1.0.7 h1:YLG4mnvAZfWmJ2dYgVhl5rxwVQjrdBN3HgQ6UaDJiso=
github.com/mhmtszr/concurrent-swiss-map v1.0.7/go.mod h1:F6QETL48Qn7jEJ3ZPt7EqRZjAAZu7lRQeQGIzXuUIDc=
github.com/phuslu/lru v1.0.15 h1:4MwFUcIEfAFiHDipMAKKxmkXvGGp1o0Z4RKToVzufgw=
github.com/phuslu/lru v1.0.15/go.mod h1:ci5hb8dRIa+2I+KcPl4958OWCg09FxwZCP8InU1L1ME=
github.com/pmezard/go-difflib v1.0.0 h1:4DBwDE0NGyQoBHbLQYPwSUPoCMWR5BEzIk/f1lZbAQM=
github.com/pmezard/go-difflib v1.0.0/go.mod h1:iKH77koFhYxTK1pcRnkKkqfTogsbg7gZNVY4sRDYZ/4=
github.com/stretchr/testify v1.8.4 h1:CcVxjf3Q8PM0mHUKJCdn+eZZtm5yQwehR5yeSVQQcUk=
github.com/stretchr/testify v1.8.4/go.mod h1:sz/lmYIOXD/1dqDmKjjqLyZ2RngseejIcXlSw2iwfAo=
gopkg.in/yaml.v3 v3.0.1 h1:fxVm/GzAzEWqLHuvctI91KS9hhNmmWOoWu0XTYJS7CA=
gopkg.in/yaml.v3 v3.0.1/go.mod h1:K4uyk7z7BCEPqu6E+C64Yfv1cQ7kz7rIZviUmN+EgEM=
